
Microsoft Visual Studio Solution File, Format Version 12.00
# Visual Studio 15
VisualStudioVersion = 15.0.28307.1585
MinimumVisualStudioVersion = 10.0.40219.1
Project("{FAE04EC0-301F-11D3-BF4B-00C04F79EFBC}") = "BudgetMinesweeper", "BudgetMinesweeper\BudgetMinesweeper.csproj", "{6A698D12-BDE5-4064-9603-9FF3AB83EE67}"
EndProject
Global
	GlobalSection(SolutionConfigurationPlatforms) = preSolution
		Debug|Any CPU = Debug|Any CPU
		Release|Any CPU = Release|Any CPU
	EndGlobalSection
	GlobalSection(ProjectConfigurationPlatforms) = postSolution
		{6A698D12-BDE5-4064-9603-9FF3AB83EE67}.Debug|Any CPU.ActiveCfg = Debug|Any CPU
		{6A698D12-BDE5-4064-9603-9FF3AB83EE67}.Debug|Any CPU.Build.0 = Debug|Any CPU
		{6A698D12-BDE5-4064-9603-9FF3AB83EE67}.Release|Any CPU.ActiveCfg = Release|Any CPU
		{6A698D12-BDE5-4064-9603-9FF3AB83EE67}.Release|Any CPU.Build.0 = Release|Any CPU
	EndGlobalSection
	GlobalSection(SolutionProperties) = preSolution
		HideSolutionNode = FALSE
	EndGlobalSection
	GlobalSection(ExtensibilityGlobals) = postSolution
		SolutionGuid = {BD91204E-1B7A-46D6-BD12-2B48684BF342}
	EndGlobalSection
EndGlobal
